// !$*UTF8*$!
{
	archiveVersion = 1;
	classes = {
	};
	objectVersion = 54;
	objects = {

/* Begin PBXBuildFile section */
		1044159DD709995BC1A59791 /* CourtSearchApp.swift in Sources */ = {isa = PBXBuildFile; fileRef = 1128BE503B64F6C579737E72 /* CourtSearchApp.swift */; };
		28F7AF4B99DF0D254AC2B6E7 /* ContentView.swift in Sources */ = {isa = PBXBuildFile; fileRef = 411B098795CB6DCD8C9A4A9C /* ContentView.swift */; };
		3AE0AC9544EC5FC87B8B0F18 /* SearchModel.swift in Sources */ = {isa = PBXBuildFile; fileRef = 44CD03FB2C62777CD64F9C52 /* SearchModel.swift */; };
		91230D0D205A1496C73817E6 /* Theme.swift in Sources */ = {isa = PBXBuildFile; fileRef = 63F7A129924A502E1CA5EEBF /* Theme.swift */; };
		9333DF777AC75F01555A3DA2 /* CourtSearchKit in Frameworks */ = {isa = PBXBuildFile; productRef = B5C8DD7963B880963430230B /* CourtSearchKit */; };
		993A586037C4BBEC4C41186B /* Assets.xcassets in Resources */ = {isa = PBXBuildFile; fileRef = 03A7DBDF031CB0A80A6AB819 /* Assets.xcassets */; };
/* End PBXBuildFile section */

/* Begin PBXFileReference section */
		03A7DBDF031CB0A80A6AB819 /* Assets.xcassets */ = {isa = PBXFileReference; lastKnownFileType = folder.assetcatalog; path = Assets.xcassets; sourceTree = "<group>"; };
		1128BE503B64F6C579737E72 /* CourtSearchApp.swift */ = {isa = PBXFileReference; lastKnownFileType = sourcecode.swift; path = CourtSearchApp.swift; sourceTree = "<group>"; };
		411B098795CB6DCD8C9A4A9C /* ContentView.swift */ = {isa = PBXFileReference; lastKnownFileType = sourcecode.swift; path = ContentView.swift; sourceTree = "<group>"; };
		44CD03FB2C62777CD64F9C52 /* SearchModel.swift */ = {isa = PBXFileReference; lastKnownFileType = sourcecode.swift; path = SearchModel.swift; sourceTree = "<group>"; };
		63F7A129924A502E1CA5EEBF /* Theme.swift */ = {isa = PBXFileReference; lastKnownFileType = sourcecode.swift; path = Theme.swift; sourceTree = "<group>"; };
		6DE34785FD1D338C1D735B83 /* CourtSearchKit */ = {isa = PBXFileReference; lastKnownFileType = folder; name = CourtSearchKit; path = CourtSearchKit; sourceTree = SOURCE_ROOT; };
		DAD19EF2D73CB7BBB694540E /* CourtSearch.app */ = {isa = PBXFileReference; includeInIndex = 0; lastKnownFileType = wrapper.application; path = CourtSearch.app; sourceTree = BUILT_PRODUCTS_DIR; };
/* End PBXFileReference section */

/* Begin PBXFrameworksBuildPhase section */
		CC4857E4451CD2C9D2D3D660 /* Frameworks */ = {
			isa = PBXFrameworksBuildPhase;
			buildActionMask = 2147483647;
			files = (
				9333DF777AC75F01555A3DA2 /* CourtSearchKit in Frameworks */,
			);
			runOnlyForDeploymentPostprocessing = 0;
		};
/* End PBXFrameworksBuildPhase section */

/* Begin PBXGroup section */
		100D1D1DC1994CB69120085A /* CourtSearch */ = {
			isa = PBXGroup;
			children = (
				03A7DBDF031CB0A80A6AB819 /* Assets.xcassets */,
				411B098795CB6DCD8C9A4A9C /* ContentView.swift */,
				1128BE503B64F6C579737E72 /* CourtSearchApp.swift */,
				44CD03FB2C62777CD64F9C52 /* SearchModel.swift */,
				63F7A129924A502E1CA5EEBF /* Theme.swift */,
			);
			path = CourtSearch;
			sourceTree = "<group>";
		};
		1A1CC6D7284EC06260D3C7F5 = {
			isa = PBXGroup;
			children = (
				100D1D1DC1994CB69120085A /* CourtSearch */,
				E8B1EA8F1FA35B1E51BFA4C3 /* Packages */,
				A2863F998EB02F7217B15057 /* Products */,
			);
			sourceTree = "<group>";
		};
		A2863F998EB02F7217B15057 /* Products */ = {
			isa = PBXGroup;
			children = (
				DAD19EF2D73CB7BBB694540E /* CourtSearch.app */,
			);
			name = Products;
			sourceTree = "<group>";
		};
		E8B1EA8F1FA35B1E51BFA4C3 /* Packages */ = {
			isa = PBXGroup;
			children = (
				6DE34785FD1D338C1D735B83 /* CourtSearchKit */,
			);
			name = Packages;
			sourceTree = "<group>";
		};
/* End PBXGroup section */

/* Begin PBXNativeTarget section */
		73091E971F80634B033A253A /* CourtSearch */ = {
			isa = PBXNativeTarget;
			buildConfigurationList = B62E471499A6B0A7455AAE45 /* Build configuration list for PBXNativeTarget "CourtSearch" */;
			buildPhases = (
				3237968987AACB6FA5381FF4 /* Sources */,
				E59113CD773F4849A7A3D5B7 /* Resources */,
				CC4857E4451CD2C9D2D3D660 /* Frameworks */,
			);
			buildRules = (
			);
			dependencies = (
			);
			name = CourtSearch;
			packageProductDependencies = (
				B5C8DD7963B880963430230B /* CourtSearchKit */,
			);
			productName = CourtSearch;
			productReference = DAD19EF2D73CB7BBB694540E /* CourtSearch.app */;
			productType = "com.apple.product-type.application";
		};
/* End PBXNativeTarget section */

/* Begin PBXProject section */
		1D025583A182BC5424A18729 /* Project object */ = {
			isa = PBXProject;
			attributes = {
				BuildIndependentTargetsInParallel = YES;
				LastUpgradeCheck = 1430;
				TargetAttributes = {
				};
			};
			buildConfigurationList = 98ECED7CBE8790FE48A38085 /* Build configuration list for PBXProject "CourtSearch" */;
			compatibilityVersion = "Xcode 14.0";
			developmentRegion = en;
			hasScannedForEncodings = 0;
			knownRegions = (
				Base,
				en,
			);
			mainGroup = 1A1CC6D7284EC06260D3C7F5;
			packageReferences = (
				EB789EAC36C12195FFD34EED /* XCLocalSwiftPackageReference "CourtSearchKit" */,
			);
			projectDirPath = "";
			projectRoot = "";
			targets = (
				73091E971F80634B033A253A /* CourtSearch */,
			);
		};
/* End PBXProject section */

/* Begin PBXResourcesBuildPhase section */
		E59113CD773F4849A7A3D5B7 /* Resources */ = {
			isa = PBXResourcesBuildPhase;
			buildActionMask = 2147483647;
			files = (
				993A586037C4BBEC4C41186B /* Assets.xcassets in Resources */,
			);
			runOnlyForDeploymentPostprocessing = 0;
		};
/* End PBXResourcesBuildPhase section */

/* Begin PBXSourcesBuildPhase section */
		3237968987AACB6FA5381FF4 /* Sources */ = {
			isa = PBXSourcesBuildPhase;
			buildActionMask = 2147483647;
			files = (
				28F7AF4B99DF0D254AC2B6E7 /* ContentView.swift in Sources */,
				1044159DD709995BC1A59791 /* CourtSearchApp.swift in Sources */,
				3AE0AC9544EC5FC87B8B0F18 /* SearchModel.swift in Sources */,
				91230D0D205A1496C73817E6 /* Theme.swift in Sources */,
			);
			runOnlyForDeploymentPostprocessing = 0;
		};
/* End PBXSourcesBuildPhase section */

/* Begin XCBuildConfiguration section */
		05EEAF333EC9DDE340619509 /* Release */ = {
			isa = XCBuildConfiguration;
			buildSettings = {
				ASSETCATALOG_COMPILER_APPICON_NAME = AppIcon;
				CODE_SIGN_IDENTITY = "iPhone Developer";
				CURRENT_PROJECT_VERSION = 1;
				GENERATE_INFOPLIST_FILE = YES;
				INFOPLIST_KEY_CFBundleDisplayName = "Court Search";
				INFOPLIST_KEY_UILaunchScreen_Generation = YES;
				LD_RUNPATH_SEARCH_PATHS = (
					"$(inherited)",
					"@executable_path/Frameworks",
				);
				MARKETING_VERSION = 0.1;
				PRODUCT_BUNDLE_IDENTIFIER = ai.pipestream.samples.CourtSearch;
				SDKROOT = iphoneos;
				SWIFT_VERSION = 6.0;
				TARGETED_DEVICE_FAMILY = "1,2";
			};
			name = Release;
		};
		28983888FD0ACD7F203F9D94 /* Debug */ = {
			isa = XCBuildConfiguration;
			buildSettings = {
				ASSETCATALOG_COMPILER_APPICON_NAME = AppIcon;
				CODE_SIGN_IDENTITY = "iPhone Developer";
				CURRENT_PROJECT_VERSION = 1;
				GENERATE_INFOPLIST_FILE = YES;
				INFOPLIST_KEY_CFBundleDisplayName = "Court Search";
				INFOPLIST_KEY_UILaunchScreen_Generation = YES;
				LD_RUNPATH_SEARCH_PATHS = (
					"$(inherited)",
					"@executable_path/Frameworks",
				);
				MARKETING_VERSION = 0.1;
				PRODUCT_BUNDLE_IDENTIFIER = ai.pipestream.samples.CourtSearch;
				SDKROOT = iphoneos;
				SWIFT_VERSION = 6.0;
				TARGETED_DEVICE_FAMILY = "1,2";
			};
			name = Debug;
		};
		406B03D19ACC0AE7D839AA0D /* Debug */ = {
			isa = XCBuildConfiguration;
			buildSettings = {
				ALWAYS_SEARCH_USER_PATHS = NO;
				CLANG_ANALYZER_NONNULL = YES;
				CLANG_ANALYZER_NUMBER_OBJECT_CONVERSION = YES_AGGRESSIVE;
				CLANG_CXX_LANGUAGE_STANDARD = "gnu++14";
				CLANG_CXX_LIBRARY = "libc++";
				CLANG_ENABLE_MODULES = YES;
				CLANG_ENABLE_OBJC_ARC = YES;
				CLANG_ENABLE_OBJC_WEAK = YES;
				CLANG_WARN_BLOCK_CAPTURE_AUTORELEASING = YES;
				CLANG_WARN_BOOL_CONVERSION = YES;
				CLANG_WARN_COMMA = YES;
				CLANG_WARN_CONSTANT_CONVERSION = YES;
				CLANG_WARN_DEPRECATED_OBJC_IMPLEMENTATIONS = YES;
				CLANG_WARN_DIRECT_OBJC_ISA_USAGE = YES_ERROR;
				CLANG_WARN_DOCUMENTATION_COMMENTS = YES;
				CLANG_WARN_EMPTY_BODY = YES;
				CLANG_WARN_ENUM_CONVERSION = YES;
				CLANG_WARN_INFINITE_RECURSION = YES;
				CLANG_WARN_INT_CONVERSION = YES;
				CLANG_WARN_NON_LITERAL_NULL_CONVERSION = YES;
				CLANG_WARN_OBJC_IMPLICIT_RETAIN_SELF = YES;
				CLANG_WARN_OBJC_LITERAL_CONVERSION = YES;
				CLANG_WARN_OBJC_ROOT_CLASS = YES_ERROR;
				CLANG_WARN_QUOTED_INCLUDE_IN_FRAMEWORK_HEADER = YES;
				CLANG_WARN_RANGE_LOOP_ANALYSIS = YES;
				CLANG_WARN_STRICT_PROTOTYPES = YES;
				CLANG_WARN_SUSPICIOUS_MOVE = YES;
				CLANG_WARN_UNGUARDED_AVAILABILITY = YES_AGGRESSIVE;
				CLANG_WARN_UNREACHABLE_CODE = YES;
				CLANG_WARN__DUPLICATE_METHOD_MATCH = YES;
				COPY_PHASE_STRIP = NO;
				DEBUG_INFORMATION_FORMAT = dwarf;
				ENABLE_STRICT_OBJC_MSGSEND = YES;
				ENABLE_TESTABILITY = YES;
				GCC_C_LANGUAGE_STANDARD = gnu11;
				GCC_DYNAMIC_NO_PIC = NO;
				GCC_NO_COMMON_BLOCKS = YES;
				GCC_OPTIMIZATION_LEVEL = 0;
				GCC_PREPROCESSOR_DEFINITIONS = (
					"$(inherited)",
					"DEBUG=1",
				);
				GCC_WARN_64_TO_32_BIT_CONVERSION = YES;
				GCC_WARN_ABOUT_RETURN_TYPE = YES_ERROR;
				GCC_WARN_UNDECLARED_SELECTOR = YES;
				GCC_WARN_UNINITIALIZED_AUTOS = YES_AGGRESSIVE;
				GCC_WARN_UNUSED_FUNCTION = YES;
				GCC_WARN_UNUSED_VARIABLE = YES;
				IPHONEOS_DEPLOYMENT_TARGET = 18.0;
				MTL_ENABLE_DEBUG_INFO = INCLUDE_SOURCE;
				MTL_FAST_MATH = YES;
				ONLY_ACTIVE_ARCH = YES;
				PRODUCT_NAME = "$(TARGET_NAME)";
				SDKROOT = iphoneos;
				SWIFT_ACTIVE_COMPILATION_CONDITIONS = DEBUG;
				SWIFT_OPTIMIZATION_LEVEL = "-Onone";
				SWIFT_VERSION = 5.0;
			};
			name = Debug;
		};
		46C8631B62B338CBAA732F84 /* Release */ = {
			isa = XCBuildConfiguration;
			buildSettings = {
				ALWAYS_SEARCH_USER_PATHS = NO;
				CLANG_ANALYZER_NONNULL = YES;
				CLANG_ANALYZER_NUMBER_OBJECT_CONVERSION = YES_AGGRESSIVE;
				CLANG_CXX_LANGUAGE_STANDARD = "gnu++14";
				CLANG_CXX_LIBRARY = "libc++";
				CLANG_ENABLE_MODULES = YES;
				CLANG_ENABLE_OBJC_ARC = YES;
				CLANG_ENABLE_OBJC_WEAK = YES;
				CLANG_WARN_BLOCK_CAPTURE_AUTORELEASING = YES;
				CLANG_WARN_BOOL_CONVERSION = YES;
				CLANG_WARN_COMMA = YES;
				CLANG_WARN_CONSTANT_CONVERSION = YES;
				CLANG_WARN_DEPRECATED_OBJC_IMPLEMENTATIONS = YES;
				CLANG_WARN_DIRECT_OBJC_ISA_USAGE = YES_ERROR;
				CLANG_WARN_DOCUMENTATION_COMMENTS = YES;
				CLANG_WARN_EMPTY_BODY = YES;
				CLANG_WARN_ENUM_CONVERSION = YES;
				CLANG_WARN_INFINITE_RECURSION = YES;
				CLANG_WARN_INT_CONVERSION = YES;
				CLANG_WARN_NON_LITERAL_NULL_CONVERSION = YES;
				CLANG_WARN_OBJC_IMPLICIT_RETAIN_SELF = YES;
				CLANG_WARN_OBJC_LITERAL_CONVERSION = YES;
				CLANG_WARN_OBJC_ROOT_CLASS = YES_ERROR;
				CLANG_WARN_QUOTED_INCLUDE_IN_FRAMEWORK_HEADER = YES;
				CLANG_WARN_RANGE_LOOP_ANALYSIS = YES;
				CLANG_WARN_STRICT_PROTOTYPES = YES;
				CLANG_WARN_SUSPICIOUS_MOVE = YES;
				CLANG_WARN_UNGUARDED_AVAILABILITY = YES_AGGRESSIVE;
				CLANG_WARN_UNREACHABLE_CODE = YES;
				CLANG_WARN__DUPLICATE_METHOD_MATCH = YES;
				COPY_PHASE_STRIP = NO;
				DEBUG_INFORMATION_FORMAT = "dwarf-with-dsym";
				ENABLE_NS_ASSERTIONS = NO;
				ENABLE_STRICT_OBJC_MSGSEND = YES;
				GCC_C_LANGUAGE_STANDARD = gnu11;
				GCC_NO_COMMON_BLOCKS = YES;
				GCC_WARN_64_TO_32_BIT_CONVERSION = YES;
				GCC_WARN_ABOUT_RETURN_TYPE = YES_ERROR;
				GCC_WARN_UNDECLARED_SELECTOR = YES;
				GCC_WARN_UNINITIALIZED_AUTOS = YES_AGGRESSIVE;
				GCC_WARN_UNUSED_FUNCTION = YES;
				GCC_WARN_UNUSED_VARIABLE = YES;
				IPHONEOS_DEPLOYMENT_TARGET = 18.0;
				MTL_ENABLE_DEBUG_INFO = NO;
				MTL_FAST_MATH = YES;
				PRODUCT_NAME = "$(TARGET_NAME)";
				SDKROOT = iphoneos;
				SWIFT_COMPILATION_MODE = wholemodule;
				SWIFT_OPTIMIZATION_LEVEL = "-O";
				SWIFT_VERSION = 5.0;
			};
			name = Release;
		};
/* End XCBuildConfiguration section */

/* Begin XCConfigurationList section */
		98ECED7CBE8790FE48A38085 /* Build configuration list for PBXProject "CourtSearch" */ = {
			isa = XCConfigurationList;
			buildConfigurations = (
				406B03D19ACC0AE7D839AA0D /* Debug */,
				46C8631B62B338CBAA732F84 /* Release */,
			);
			defaultConfigurationIsVisible = 0;
			defaultConfigurationName = Debug;
		};
		B62E471499A6B0A7455AAE45 /* Build configuration list for PBXNativeTarget "CourtSearch" */ = {
			isa = XCConfigurationList;
			buildConfigurations = (
				28983888FD0ACD7F203F9D94 /* Debug */,
				05EEAF333EC9DDE340619509 /* Release */,
			);
			defaultConfigurationIsVisible = 0;
			defaultConfigurationName = Debug;
		};
/* End XCConfigurationList section */

/* Begin XCLocalSwiftPackageReference section */
		EB789EAC36C12195FFD34EED /* XCLocalSwiftPackageReference "CourtSearchKit" */ = {
			isa = XCLocalSwiftPackageReference;
			relativePath = CourtSearchKit;
		};
/* End XCLocalSwiftPackageReference section */

/* Begin XCSwiftPackageProductDependency section */
		B5C8DD7963B880963430230B /* CourtSearchKit */ = {
			isa = XCSwiftPackageProductDependency;
			productName = CourtSearchKit;
		};
/* End XCSwiftPackageProductDependency section */
	};
	rootObject = 1D025583A182BC5424A18729 /* Project object */;
}
